
Microsoft Visual Studio Solution File, Format Version 12.00
# Visual Studio Version 17
VisualStudioVersion = 17.0.31606.5
MinimumVisualStudioVersion = 10.0.40219.1
Project("{9A19103F-16F7-4668-BE54-9A1E7A4F7556}") = "GenericVectors", "GenericVectors\GenericVectors.csproj", "{26C9D975-CA60-4BB5-8343-9874C8A89CAE}"
EndProject
Global
	GlobalSection(SolutionConfigurationPlatforms) = preSolution
		Debug|Any CPU = Debug|Any CPU
		Release|Any CPU = Release|Any CPU
	EndGlobalSection
	GlobalSection(ProjectConfigurationPlatforms) = postSolution
		{26C9D975-CA60-4BB5-8343-9874C8A89CAE}.Debug|Any CPU.ActiveCfg = Debug|Any CPU
		{26C9D975-CA60-4BB5-8343-9874C8A89CAE}.Debug|Any CPU.Build.0 = Debug|Any CPU
		{26C9D975-CA60-4BB5-8343-9874C8A89CAE}.Release|Any CPU.ActiveCfg = Release|Any CPU
		{26C9D975-CA60-4BB5-8343-9874C8A89CAE}.Release|Any CPU.Build.0 = Release|Any CPU
	EndGlobalSection
	GlobalSection(SolutionProperties) = preSolution
		HideSolutionNode = FALSE
	EndGlobalSection
	GlobalSection(ExtensibilityGlobals) = postSolution
		SolutionGuid = {9DA7FBCA-70FC-477A-B559-30E52DCBDE86}
	EndGlobalSection
EndGlobal
